
Microsoft Visual Studio Solution File, Format Version 12.00
# Visual Studio Version 17
VisualStudioVersion = 17.3.32929.385
MinimumVisualStudioVersion = 10.0.40219.1
Project("{FAE04EC0-301F-11D3-BF4B-00C04F79EFBC}") = "ECF_SPA", "ECF_SPA\ECF_SPA.csproj", "{EE5C1E10-9DA2-497B-8AC9-3B7159299313}"
EndProject
Global
	GlobalSection(SolutionConfigurationPlatforms) = preSolution
		Debug|Any CPU = Debug|Any CPU
		Release|Any CPU = Release|Any CPU
	EndGlobalSection
	GlobalSection(ProjectConfigurationPlatforms) = postSolution
		{EE5C1E10-9DA2-497B-8AC9-3B7159299313}.Debug|Any CPU.ActiveCfg = Debug|Any CPU
		{EE5C1E10-9DA2-497B-8AC9-3B7159299313}.Debug|Any CPU.Build.0 = Debug|Any CPU
		{EE5C1E10-9DA2-497B-8AC9-3B7159299313}.Release|Any CPU.ActiveCfg = Release|Any CPU
		{EE5C1E10-9DA2-497B-8AC9-3B7159299313}.Release|Any CPU.Build.0 = Release|Any CPU
	EndGlobalSection
	GlobalSection(SolutionProperties) = preSolution
		HideSolutionNode = FALSE
	EndGlobalSection
	GlobalSection(ExtensibilityGlobals) = postSolution
		SolutionGuid = {093CC6CF-BA3B-4CCC-877C-B69B59AF8D2A}
	EndGlobalSection
EndGlobal
