
Microsoft Visual Studio Solution File, Format Version 12.00
# Visual Studio Version 17
VisualStudioVersion = 17.3.32929.385
MinimumVisualStudioVersion = 10.0.40219.1
Project("{9A19103F-16F7-4668-BE54-9A1E7A4F7556}") = "ECF_Blanc", "ECF_Blanc\ECF_Blanc.csproj", "{25E3F4FD-FE3A-4AF0-B8CF-9E42C0751DDC}"
EndProject
Global
	GlobalSection(SolutionConfigurationPlatforms) = preSolution
		Debug|Any CPU = Debug|Any CPU
		Release|Any CPU = Release|Any CPU
	EndGlobalSection
	GlobalSection(ProjectConfigurationPlatforms) = postSolution
		{25E3F4FD-FE3A-4AF0-B8CF-9E42C0751DDC}.Debug|Any CPU.ActiveCfg = Debug|Any CPU
		{25E3F4FD-FE3A-4AF0-B8CF-9E42C0751DDC}.Debug|Any CPU.Build.0 = Debug|Any CPU
		{25E3F4FD-FE3A-4AF0-B8CF-9E42C0751DDC}.Release|Any CPU.ActiveCfg = Release|Any CPU
		{25E3F4FD-FE3A-4AF0-B8CF-9E42C0751DDC}.Release|Any CPU.Build.0 = Release|Any CPU
	EndGlobalSection
	GlobalSection(SolutionProperties) = preSolution
		HideSolutionNode = FALSE
	EndGlobalSection
	GlobalSection(ExtensibilityGlobals) = postSolution
		SolutionGuid = {94C2C1FB-2E83-4B35-AFB9-9AC0271BF2DE}
	EndGlobalSection
EndGlobal
